
Microsoft Visual Studio Solution File, Format Version 12.00
# Visual Studio 15
VisualStudioVersion = 15.0.28307.572
MinimumVisualStudioVersion = 10.0.40219.1
Project("{9A19103F-16F7-4668-BE54-9A1E7A4F7556}") = "Host.Reference", "Host.Reference\Host.Reference.csproj", "{26DCBCC4-5A72-4316-855B-87A96F62EF2E}"
EndProject
Project("{9A19103F-16F7-4668-BE54-9A1E7A4F7556}") = "Calculator.Core", "Calculator.Core\Calculator.Core.csproj", "{90A1D677-B6F4-4B84-864D-01F768AD5044}"
EndProject
Project("{9A19103F-16F7-4668-BE54-9A1E7A4F7556}") = "Host.Console", "Host.Console\Host.Console.csproj", "{EFF893D7-9D85-4C1A-AD26-CBE9A59167F1}"
EndProject
Project("{FAE04EC0-301F-11D3-BF4B-00C04F79EFBC}") = "Host.Wpf", "Host.Wpf\Host.Wpf.csproj", "{77C57A43-3AAC-4901-8E31-2A26649790DF}"
EndProject
Project("{FAE04EC0-301F-11D3-BF4B-00C04F79EFBC}") = "Calculator", "Calculator\Calculator.csproj", "{5456D640-645E-4B5A-B7FC-CA8BF1E51349}"
EndProject
Global
	GlobalSection(SolutionConfigurationPlatforms) = preSolution
		Debug|Any CPU = Debug|Any CPU
		Release|Any CPU = Release|Any CPU
	EndGlobalSection
	GlobalSection(ProjectConfigurationPlatforms) = postSolution
		{26DCBCC4-5A72-4316-855B-87A96F62EF2E}.Debug|Any CPU.ActiveCfg = Debug|Any CPU
		{26DCBCC4-5A72-4316-855B-87A96F62EF2E}.Debug|Any CPU.Build.0 = Debug|Any CPU
		{26DCBCC4-5A72-4316-855B-87A96F62EF2E}.Release|Any CPU.ActiveCfg = Release|Any CPU
		{26DCBCC4-5A72-4316-855B-87A96F62EF2E}.Release|Any CPU.Build.0 = Release|Any CPU
		{90A1D677-B6F4-4B84-864D-01F768AD5044}.Debug|Any CPU.ActiveCfg = Debug|Any CPU
		{90A1D677-B6F4-4B84-864D-01F768AD5044}.Debug|Any CPU.Build.0 = Debug|Any CPU
		{90A1D677-B6F4-4B84-864D-01F768AD5044}.Release|Any CPU.ActiveCfg = Release|Any CPU
		{90A1D677-B6F4-4B84-864D-01F768AD5044}.Release|Any CPU.Build.0 = Release|Any CPU
		{EFF893D7-9D85-4C1A-AD26-CBE9A59167F1}.Debug|Any CPU.ActiveCfg = Debug|Any CPU
		{EFF893D7-9D85-4C1A-AD26-CBE9A59167F1}.Debug|Any CPU.Build.0 = Debug|Any CPU
		{EFF893D7-9D85-4C1A-AD26-CBE9A59167F1}.Release|Any CPU.ActiveCfg = Release|Any CPU
		{EFF893D7-9D85-4C1A-AD26-CBE9A59167F1}.Release|Any CPU.Build.0 = Release|Any CPU
		{77C57A43-3AAC-4901-8E31-2A26649790DF}.Debug|Any CPU.ActiveCfg = Debug|Any CPU
		{77C57A43-3AAC-4901-8E31-2A26649790DF}.Debug|Any CPU.Build.0 = Debug|Any CPU
		{77C57A43-3AAC-4901-8E31-2A26649790DF}.Release|Any CPU.ActiveCfg = Release|Any CPU
		{77C57A43-3AAC-4901-8E31-2A26649790DF}.Release|Any CPU.Build.0 = Release|Any CPU
		{5456D640-645E-4B5A-B7FC-CA8BF1E51349}.Debug|Any CPU.ActiveCfg = Debug|Any CPU
		{5456D640-645E-4B5A-B7FC-CA8BF1E51349}.Debug|Any CPU.Build.0 = Debug|Any CPU
		{5456D640-645E-4B5A-B7FC-CA8BF1E51349}.Release|Any CPU.ActiveCfg = Release|Any CPU
		{5456D640-645E-4B5A-B7FC-CA8BF1E51349}.Release|Any CPU.Build.0 = Release|Any CPU
	EndGlobalSection
	GlobalSection(SolutionProperties) = preSolution
		HideSolutionNode = FALSE
	EndGlobalSection
	GlobalSection(ExtensibilityGlobals) = postSolution
		SolutionGuid = {024F5FD0-4CEC-45AF-8A37-EFBEF93FBC85}
	EndGlobalSection
EndGlobal
