
Microsoft Visual Studio Solution File, Format Version 12.00
# Visual Studio 15
VisualStudioVersion = 15.0.28307.572
MinimumVisualStudioVersion = 10.0.40219.1
Project("{9A19103F-16F7-4668-BE54-9A1E7A4F7556}") = "Calculator", "Calculator\Calculator.csproj", "{A972BD88-2ED7-4B04-B86B-55189A818877}"
EndProject
Project("{9A19103F-16F7-4668-BE54-9A1E7A4F7556}") = "ConsoleCalculator", "ConsoleCalculator\ConsoleCalculator.csproj", "{79AA64E6-AD15-4DFF-92F5-1CF910385FA2}"
EndProject
Project("{FAE04EC0-301F-11D3-BF4B-00C04F79EFBC}") = "WpfCalculator", "WpfCalculator\WpfCalculator.csproj", "{77C57A43-3AAC-4901-8E31-2A26649790DF}"
EndProject
Global
	GlobalSection(SolutionConfigurationPlatforms) = preSolution
		Debug|Any CPU = Debug|Any CPU
		Release|Any CPU = Release|Any CPU
	EndGlobalSection
	GlobalSection(ProjectConfigurationPlatforms) = postSolution
		{A972BD88-2ED7-4B04-B86B-55189A818877}.Debug|Any CPU.ActiveCfg = Debug|Any CPU
		{A972BD88-2ED7-4B04-B86B-55189A818877}.Debug|Any CPU.Build.0 = Debug|Any CPU
		{A972BD88-2ED7-4B04-B86B-55189A818877}.Release|Any CPU.ActiveCfg = Release|Any CPU
		{A972BD88-2ED7-4B04-B86B-55189A818877}.Release|Any CPU.Build.0 = Release|Any CPU
		{79AA64E6-AD15-4DFF-92F5-1CF910385FA2}.Debug|Any CPU.ActiveCfg = Debug|Any CPU
		{79AA64E6-AD15-4DFF-92F5-1CF910385FA2}.Debug|Any CPU.Build.0 = Debug|Any CPU
		{79AA64E6-AD15-4DFF-92F5-1CF910385FA2}.Release|Any CPU.ActiveCfg = Release|Any CPU
		{79AA64E6-AD15-4DFF-92F5-1CF910385FA2}.Release|Any CPU.Build.0 = Release|Any CPU
		{77C57A43-3AAC-4901-8E31-2A26649790DF}.Debug|Any CPU.ActiveCfg = Debug|Any CPU
		{77C57A43-3AAC-4901-8E31-2A26649790DF}.Debug|Any CPU.Build.0 = Debug|Any CPU
		{77C57A43-3AAC-4901-8E31-2A26649790DF}.Release|Any CPU.ActiveCfg = Release|Any CPU
		{77C57A43-3AAC-4901-8E31-2A26649790DF}.Release|Any CPU.Build.0 = Release|Any CPU
	EndGlobalSection
	GlobalSection(SolutionProperties) = preSolution
		HideSolutionNode = FALSE
	EndGlobalSection
	GlobalSection(ExtensibilityGlobals) = postSolution
		SolutionGuid = {F98EA34C-C298-4982-9DC8-7621ACAB6F25}
	EndGlobalSection
EndGlobal
